
Microsoft Visual Studio Solution File, Format Version 12.00
# Visual Studio Version 16
VisualStudioVersion = 16.0.29613.14
MinimumVisualStudioVersion = 10.0.40219.1
Project("{9A19103F-16F7-4668-BE54-9A1E7A4F7556}") = "ContosoCrafts.WebSite", "ContosoCrafts.WebSite\ContosoCrafts.WebSite.csproj", "{4A2E1406-E617-4A28-A42D-548AC2EC4310}"
EndProject
Global
	GlobalSection(SolutionConfigurationPlatforms) = preSolution
		Debug|Any CPU = Debug|Any CPU
		Release|Any CPU = Release|Any CPU
	EndGlobalSection
	GlobalSection(ProjectConfigurationPlatforms) = postSolution
		{4A2E1406-E617-4A28-A42D-548AC2EC4310}.Debug|Any CPU.ActiveCfg = Debug|Any CPU
		{4A2E1406-E617-4A28-A42D-548AC2EC4310}.Debug|Any CPU.Build.0 = Debug|Any CPU
		{4A2E1406-E617-4A28-A42D-548AC2EC4310}.Release|Any CPU.ActiveCfg = Release|Any CPU
		{4A2E1406-E617-4A28-A42D-548AC2EC4310}.Release|Any CPU.Build.0 = Release|Any CPU
	EndGlobalSection
	GlobalSection(SolutionProperties) = preSolution
		HideSolutionNode = FALSE
	EndGlobalSection
	GlobalSection(ExtensibilityGlobals) = postSolution
		SolutionGuid = {CE007732-F58B-471B-AB02-3E01635BCBF8}
	EndGlobalSection
EndGlobal
